github.com/go-ole/go-ole v1.2.4 h1:nNBDSCOigTSiarFpYE9J/KtEA1IOW4CNeqT9TQDqCxI=
github.com/go-ole/go-ole v1.2.4/go.mod h1:XCwSNxSkXRo4vlyPy93sltvi/qJq0jqQhjqQNIwKuxM=
github.com/mattn/go-runewidth v0.0.4 h1:2BvfKmzob6Bmd4YsL0zygOqfdFnK7GR4QL06Do4/p7Y=
github.com/mattn/go-runewidth v0.0.4/go.mod h1:LwmH8dsx7+W8Uxz3IHJYH5QSwggIsqBzpuz5H//U1FU=
github.com/shu-go/cliparser v0.0.0-20190822025044-17b54d2ae1aa h1:/o4k5mrlZXF78Ql4IbmbQwaqGklOYMPd0uQpyGxmYLg=
github.com/shu-go/cliparser v0.0.0-20190822025044-17b54d2ae1aa/go.mod h1:b89EpZSowgrnN/iRGjwCHlRcIMMQjOGm3NmffyFpF9M=
github.com/shu-go/gli v0.0.0-20190822024321-4648c9cce7c7 h1:cQfiYQXw1Z8wjQ+xRN2+oUAapl5hzTbfVnUJQSzGvHs=
github.com/shu-go/gli v0.0.0-20190822024321-4648c9cce7c7/go.mod h1:PXSm+hlDjMRG+li/7UCutKkpvvSPClL2GLdmtKLT38U=
github.com/shu-go/gotwant v0.0.0-20190920074605-851c8677556b h1:HZZDo+sGck6gpa2lzY9rLVuatZwm6Q7qr59R3fZTeIk=
github.com/shu-go/gotwant v0.0.0-20190920074605-851c8677556b/go.mod h1:FZepfqvib0mXjHiaQPTv0RUD5QMpMA/FHLfBQjZRRQg=
github.com/shu-go/shortcut v0.0.0-20191020015820-1e45a7167222 h1:oVXRnaN/c1RBgOJltnV0Vhy2THjhzZjnkD1vDHU7Qbo=
github.com/shu-go/shortcut v0.0.0-20191020015820-1e45a7167222/go.mod h1:4yjiyfvkHtjGLzAyHOfECrlrIOBAYiu54PeRx5/EsXc=
