github.com/go-ole/go-ole v1.2.4 h1:nNBDSCOigTSiarFpYE9J/KtEA1IOW4CNeqT9TQDqCxI=
github.com/go-ole/go-ole v1.2.4/go.mod h1:XCwSNxSkXRo4vlyPy93sltvi/qJq0jqQhjqQNIwKuxM=
github.com/mattn/go-runewidth v0.0.8 h1:3tS41NlGYSmhhe/8fhGRzc+z3AYCw1Fe1WAyLuujKs0=
github.com/mattn/go-runewidth v0.0.8/go.mod h1:H031xJmbD/WCDINGzjvQ9THkh0rPKHF+m2gUSrubnMI=
github.com/shu-go/cliparser v0.0.0-20200117034639-6847fc6f04b5 h1:1PzywNf8nQr/kt02tUWE/zKtOeHpZ8puBf0h1FjpyvA=
github.com/shu-go/cliparser v0.0.0-20200117034639-6847fc6f04b5/go.mod h1:h9zBORgtxOkotAowPkA87REX/iR5Kg1OtguILkbX5Vg=
github.com/shu-go/gli v0.0.0-20190822024321-4648c9cce7c7 h1:cQfiYQXw1Z8wjQ+xRN2+oUAapl5hzTbfVnUJQSzGvHs=
github.com/shu-go/gli v0.0.0-20190822024321-4648c9cce7c7/go.mod h1:PXSm+hlDjMRG+li/7UCutKkpvvSPClL2GLdmtKLT38U=
github.com/shu-go/gotwant v0.0.0-20190822031422-724391433f13/go.mod h1:UxvcvxZEQUBw6lS9UgXOPh1outjvx2+bvDlEOpCTuGo=
github.com/shu-go/gotwant v0.0.0-20190920074605-851c8677556b h1:HZZDo+sGck6gpa2lzY9rLVuatZwm6Q7qr59R3fZTeIk=
github.com/shu-go/gotwant v0.0.0-20190920074605-851c8677556b/go.mod h1:FZepfqvib0mXjHiaQPTv0RUD5QMpMA/FHLfBQjZRRQg=
github.com/shu-go/shortcut v0.0.0-20191024081707-3d9452e1f9e6 h1:YXdYBFolLF7B5JoCBVnnzgooFcMpUpyWolzORSer0wQ=
github.com/shu-go/shortcut v0.0.0-20191024081707-3d9452e1f9e6/go.mod h1:4yjiyfvkHtjGLzAyHOfECrlrIOBAYiu54PeRx5/EsXc=
